
Microsoft Visual Studio Solution File, Format Version 12.00
# Visual Studio Version 17
VisualStudioVersion = 17.1.32421.90
MinimumVisualStudioVersion = 10.0.40219.1
Project("{FAE04EC0-301F-11D3-BF4B-00C04F79EFBC}") = "Ex7", "Ex7\Ex7.csproj", "{107B73E3-E31E-488C-B14B-ED65BF177F0C}"
EndProject
Global
	GlobalSection(SolutionConfigurationPlatforms) = preSolution
		Debug|Any CPU = Debug|Any CPU
		Release|Any CPU = Release|Any CPU
	EndGlobalSection
	GlobalSection(ProjectConfigurationPlatforms) = postSolution
		{107B73E3-E31E-488C-B14B-ED65BF177F0C}.Debug|Any CPU.ActiveCfg = Debug|Any CPU
		{107B73E3-E31E-488C-B14B-ED65BF177F0C}.Debug|Any CPU.Build.0 = Debug|Any CPU
		{107B73E3-E31E-488C-B14B-ED65BF177F0C}.Release|Any CPU.ActiveCfg = Release|Any CPU
		{107B73E3-E31E-488C-B14B-ED65BF177F0C}.Release|Any CPU.Build.0 = Release|Any CPU
	EndGlobalSection
	GlobalSection(SolutionProperties) = preSolution
		HideSolutionNode = FALSE
	EndGlobalSection
	GlobalSection(ExtensibilityGlobals) = postSolution
		SolutionGuid = {AD013BB5-99BB-40DF-AB14-13D9CFED54AC}
	EndGlobalSection
EndGlobal
